<?xml version="1.0" encoding="utf-8"?>
<Project ToolsVersion="4.0" xmlns="http://schemas.microsoft.com/developer/msbuild/2003">
  <ItemGroup>
    <ClCompile Include="..\SDK\amx\getch.c">
      <Filter>AMX</Filter>
    </ClCompile>
    <ClCompile Include="..\SDK\amxplugin.cpp">
      <Filter>AMX</Filter>
    </ClCompile>
    <ClCompile Include="main.cpp" />
    <ClCompile Include="script\func_amx.cpp">
      <Filter>script</Filter>
    </ClCompile>
    <ClCompile Include="pool\class_gangzonepool.cpp">
      <Filter>pool</Filter>
    </ClCompile>
    <ClCompile Include="raknet\BitStream.cpp">
      <Filter>raknet</Filter>
    </ClCompile>
    <ClCompile Include="script\amx\func_amx_gangzone.cpp">
      <Filter>script\amx</Filter>
    </ClCompile>
    <ClCompile Include="pool\class_pickuppool.cpp">
      <Filter>pool</Filter>
    </ClCompile>
    <ClCompile Include="script\amx\func_amx_object.cpp">
      <Filter>script\amx</Filter>
    </ClCompile>
    <ClCompile Include="object\class_object.cpp">
      <Filter>object</Filter>
    </ClCompile>
    <ClCompile Include="pool\class_text3dlabels.cpp">
      <Filter>pool</Filter>
    </ClCompile>
    <ClCompile Include="pool\class_textdrawpool.cpp">
      <Filter>pool</Filter>
    </ClCompile>
    <ClCompile Include="script\amx\func_amx_textdraw.cpp">
      <Filter>script\amx</Filter>
    </ClCompile>
    <ClCompile Include="pool\class_objectpool.cpp">
      <Filter>pool</Filter>
    </ClCompile>
    <ClCompile Include="pool\class_menupool.cpp">
      <Filter>pool</Filter>
    </ClCompile>
    <ClCompile Include="script\amx\func_amx_menu.cpp">
      <Filter>script\amx</Filter>
    </ClCompile>
    <ClCompile Include="pool\class_playerpool.cpp">
      <Filter>pool</Filter>
    </ClCompile>
    <ClCompile Include="object\class_menu.cpp">
      <Filter>object</Filter>
    </ClCompile>
    <ClCompile Include="class_netgame.cpp" />
    <ClCompile Include="object\class_player.cpp">
      <Filter>object</Filter>
    </ClCompile>
    <ClCompile Include="script\amx\func_amx_players.cpp">
      <Filter>script\amx</Filter>
    </ClCompile>
    <ClCompile Include="raknet\GetTime.cpp">
      <Filter>raknet</Filter>
    </ClCompile>
    <ClCompile Include="script\class_fsmanager.cpp">
      <Filter>script</Filter>
    </ClCompile>
    <ClCompile Include="script\class_gmmanager.cpp">
      <Filter>script</Filter>
    </ClCompile>
    <ClCompile Include="pool\class_vehiclepool.cpp">
      <Filter>pool</Filter>
    </ClCompile>
    <ClCompile Include="object\class_player_text3dlabels.cpp">
      <Filter>object</Filter>
    </ClCompile>
    <ClCompile Include="object\class_player_var.cpp">
      <Filter>object</Filter>
    </ClCompile>
    <ClCompile Include="RPC.cpp" />
  </ItemGroup>
  <ItemGroup>
    <None Include="helloworld.def" />
  </ItemGroup>
  <ItemGroup>
    <Filter Include="AMX">
      <UniqueIdentifier>{8c6623fb-5317-4c35-8bf2-fdd6e7defcc3}</UniqueIdentifier>
    </Filter>
    <Filter Include="pool">
      <UniqueIdentifier>{96cfd164-fe00-4fd6-9599-e1759c151612}</UniqueIdentifier>
    </Filter>
    <Filter Include="script">
      <UniqueIdentifier>{e8c9900a-5783-4052-b8ff-51b20ced6afb}</UniqueIdentifier>
    </Filter>
    <Filter Include="raknet">
      <UniqueIdentifier>{071f5332-0b16-4dc9-8995-1fd16bf5d202}</UniqueIdentifier>
    </Filter>
    <Filter Include="script\amx">
      <UniqueIdentifier>{07722e63-8a2e-41a8-9f5b-c242795b59af}</UniqueIdentifier>
    </Filter>
    <Filter Include="object">
      <UniqueIdentifier>{b24e6fd8-25e8-4920-97f7-d7477d404e45}</UniqueIdentifier>
    </Filter>
  </ItemGroup>
  <ItemGroup>
    <ClInclude Include="..\SDK\amx\amx.h">
      <Filter>AMX</Filter>
    </ClInclude>
    <ClInclude Include="..\SDK\amx\getch.h">
      <Filter>AMX</Filter>
    </ClInclude>
    <ClInclude Include="..\SDK\amx\sclinux.h">
      <Filter>AMX</Filter>
    </ClInclude>
    <ClInclude Include="..\SDK\plugin.h">
      <Filter>AMX</Filter>
    </ClInclude>
    <ClInclude Include="..\SDK\plugincommon.h">
      <Filter>AMX</Filter>
    </ClInclude>
    <ClInclude Include="pool\class_pickuppool.h">
      <Filter>pool</Filter>
    </ClInclude>
    <ClInclude Include="main.h" />
    <ClInclude Include="script\func_amx.h">
      <Filter>script</Filter>
    </ClInclude>
    <ClInclude Include="pool\class_gangzonepool.h">
      <Filter>pool</Filter>
    </ClInclude>
    <ClInclude Include="raknet\BitStream.h">
      <Filter>raknet</Filter>
    </ClInclude>
    <ClInclude Include="raknet\NetworkTypes.h">
      <Filter>raknet</Filter>
    </ClInclude>
    <ClInclude Include="raknet\Export.h">
      <Filter>raknet</Filter>
    </ClInclude>
    <ClInclude Include="script\amx\func_amx_gangzone.h">
      <Filter>script\amx</Filter>
    </ClInclude>
    <ClInclude Include="script\amx\func_amx_object.h">
      <Filter>script\amx</Filter>
    </ClInclude>
    <ClInclude Include="object\class_object.h">
      <Filter>object</Filter>
    </ClInclude>
    <ClInclude Include="pool\class_textdrawpool.h">
      <Filter>pool</Filter>
    </ClInclude>
    <ClInclude Include="pool\class_text3dlabels.h">
      <Filter>pool</Filter>
    </ClInclude>
    <ClInclude Include="script\amx\func_amx_textdraw.h">
      <Filter>script\amx</Filter>
    </ClInclude>
    <ClInclude Include="pool\class_objectpool.h">
      <Filter>pool</Filter>
    </ClInclude>
    <ClInclude Include="class_netgame.h" />
    <ClInclude Include="pool\class_menupool.h">
      <Filter>pool</Filter>
    </ClInclude>
    <ClInclude Include="script\amx\func_amx_menu.h">
      <Filter>script\amx</Filter>
    </ClInclude>
    <ClInclude Include="pool\class_playerpool.h">
      <Filter>pool</Filter>
    </ClInclude>
    <ClInclude Include="object\class_menu.h">
      <Filter>object</Filter>
    </ClInclude>
    <ClInclude Include="object\class_player.h">
      <Filter>object</Filter>
    </ClInclude>
    <ClInclude Include="script\amx\func_amx_players.h">
      <Filter>script\amx</Filter>
    </ClInclude>
    <ClInclude Include="raknet\GetTime.h">
      <Filter>raknet</Filter>
    </ClInclude>
    <ClInclude Include="script\class_fsmanager.h">
      <Filter>script</Filter>
    </ClInclude>
    <ClInclude Include="script\class_gmmanager.h">
      <Filter>script</Filter>
    </ClInclude>
    <ClInclude Include="pool\class_vehiclepool.h">
      <Filter>pool</Filter>
    </ClInclude>
    <ClInclude Include="object\class_player_text3dlabels.h">
      <Filter>object</Filter>
    </ClInclude>
    <ClInclude Include="object\class_player_var.h">
      <Filter>object</Filter>
    </ClInclude>
    <ClInclude Include="RPC.h" />
  </ItemGroup>
</Project>